
Microsoft Visual Studio Solution File, Format Version 12.00
# Visual Studio 15
VisualStudioVersion = 15.0.27703.2026
MinimumVisualStudioVersion = 10.0.40219.1
Project("{FAE04EC0-301F-11D3-BF4B-00C04F79EFBC}") = "CaffeFactory", "CaffeFactory\CaffeFactory.csproj", "{0BC2823A-E528-407C-9A11-C84580650459}"
EndProject
Global
	GlobalSection(SolutionConfigurationPlatforms) = preSolution
		Debug|Any CPU = Debug|Any CPU
		Release|Any CPU = Release|Any CPU
	EndGlobalSection
	GlobalSection(ProjectConfigurationPlatforms) = postSolution
		{0BC2823A-E528-407C-9A11-C84580650459}.Debug|Any CPU.ActiveCfg = Debug|Any CPU
		{0BC2823A-E528-407C-9A11-C84580650459}.Debug|Any CPU.Build.0 = Debug|Any CPU
		{0BC2823A-E528-407C-9A11-C84580650459}.Release|Any CPU.ActiveCfg = Release|Any CPU
		{0BC2823A-E528-407C-9A11-C84580650459}.Release|Any CPU.Build.0 = Release|Any CPU
	EndGlobalSection
	GlobalSection(SolutionProperties) = preSolution
		HideSolutionNode = FALSE
	EndGlobalSection
	GlobalSection(ExtensibilityGlobals) = postSolution
		SolutionGuid = {14735B0F-AAB9-46A8-96D9-786E65078FC3}
	EndGlobalSection
EndGlobal
